
Microsoft Visual Studio Solution File, Format Version 12.00
# Visual Studio Version 17
VisualStudioVersion = 17.8.34330.188
MinimumVisualStudioVersion = 10.0.40219.1
Project("{9A19103F-16F7-4668-BE54-9A1E7A4F7556}") = "Database", "Database\Database.csproj", "{567DD5D6-C357-4BC6-AAC7-A9FA5F3226D5}"
EndProject
Project("{9A19103F-16F7-4668-BE54-9A1E7A4F7556}") = "DesktopApp", "DesktopApp\DesktopApp.csproj", "{EAA154D9-1717-4948-9154-37DDB9FDA91D}"
EndProject
Project("{9A19103F-16F7-4668-BE54-9A1E7A4F7556}") = "WebApp", "WebApplicationMVC\WebApp.csproj", "{2BE637DF-3186-41DB-B50D-80239A30F055}"
EndProject
Global
	GlobalSection(SolutionConfigurationPlatforms) = preSolution
		Debug|Any CPU = Debug|Any CPU
		Release|Any CPU = Release|Any CPU
	EndGlobalSection
	GlobalSection(ProjectConfigurationPlatforms) = postSolution
		{567DD5D6-C357-4BC6-AAC7-A9FA5F3226D5}.Debug|Any CPU.ActiveCfg = Debug|Any CPU
		{567DD5D6-C357-4BC6-AAC7-A9FA5F3226D5}.Debug|Any CPU.Build.0 = Debug|Any CPU
		{567DD5D6-C357-4BC6-AAC7-A9FA5F3226D5}.Release|Any CPU.ActiveCfg = Release|Any CPU
		{567DD5D6-C357-4BC6-AAC7-A9FA5F3226D5}.Release|Any CPU.Build.0 = Release|Any CPU
		{EAA154D9-1717-4948-9154-37DDB9FDA91D}.Debug|Any CPU.ActiveCfg = Debug|Any CPU
		{EAA154D9-1717-4948-9154-37DDB9FDA91D}.Debug|Any CPU.Build.0 = Debug|Any CPU
		{EAA154D9-1717-4948-9154-37DDB9FDA91D}.Release|Any CPU.ActiveCfg = Release|Any CPU
		{EAA154D9-1717-4948-9154-37DDB9FDA91D}.Release|Any CPU.Build.0 = Release|Any CPU
		{2BE637DF-3186-41DB-B50D-80239A30F055}.Debug|Any CPU.ActiveCfg = Debug|Any CPU
		{2BE637DF-3186-41DB-B50D-80239A30F055}.Debug|Any CPU.Build.0 = Debug|Any CPU
		{2BE637DF-3186-41DB-B50D-80239A30F055}.Release|Any CPU.ActiveCfg = Release|Any CPU
		{2BE637DF-3186-41DB-B50D-80239A30F055}.Release|Any CPU.Build.0 = Release|Any CPU
	EndGlobalSection
	GlobalSection(SolutionProperties) = preSolution
		HideSolutionNode = FALSE
	EndGlobalSection
	GlobalSection(ExtensibilityGlobals) = postSolution
		SolutionGuid = {0198E481-BC4B-4478-A69F-6249F52CCCA7}
	EndGlobalSection
EndGlobal
